
Microsoft Visual Studio Solution File, Format Version 12.00
# Visual Studio 2012
Project("{F2A71F9B-5D33-465A-A702-920D77279786}") = "Problem10", "Problem10\Problem10.fsproj", "{D18F973F-1B06-463D-A359-A70A652A050C}"
EndProject
Global
	GlobalSection(SolutionConfigurationPlatforms) = preSolution
		Debug|Any CPU = Debug|Any CPU
		Release|Any CPU = Release|Any CPU
	EndGlobalSection
	GlobalSection(ProjectConfigurationPlatforms) = postSolution
		{D18F973F-1B06-463D-A359-A70A652A050C}.Debug|Any CPU.ActiveCfg = Debug|Any CPU
		{D18F973F-1B06-463D-A359-A70A652A050C}.Debug|Any CPU.Build.0 = Debug|Any CPU
		{D18F973F-1B06-463D-A359-A70A652A050C}.Release|Any CPU.ActiveCfg = Release|Any CPU
		{D18F973F-1B06-463D-A359-A70A652A050C}.Release|Any CPU.Build.0 = Release|Any CPU
	EndGlobalSection
	GlobalSection(SolutionProperties) = preSolution
		HideSolutionNode = FALSE
	EndGlobalSection
EndGlobal
